
Microsoft Visual Studio Solution File, Format Version 11.00
# Visual Studio 2010
Project("{F184B08F-C81C-45F6-A57F-5ABD9991F28F}") = "AvgScore-mod-Ch8", "AvgScore-mod-Ch8\AvgScore-mod-Ch8.vbproj", "{404AFA0A-7E30-4EB9-86B3-BDD6F6BE3911}"
EndProject
Global
	GlobalSection(SolutionConfigurationPlatforms) = preSolution
		Debug|x86 = Debug|x86
		Release|x86 = Release|x86
	EndGlobalSection
	GlobalSection(ProjectConfigurationPlatforms) = postSolution
		{404AFA0A-7E30-4EB9-86B3-BDD6F6BE3911}.Debug|x86.ActiveCfg = Debug|x86
		{404AFA0A-7E30-4EB9-86B3-BDD6F6BE3911}.Debug|x86.Build.0 = Debug|x86
		{404AFA0A-7E30-4EB9-86B3-BDD6F6BE3911}.Release|x86.ActiveCfg = Release|x86
		{404AFA0A-7E30-4EB9-86B3-BDD6F6BE3911}.Release|x86.Build.0 = Release|x86
	EndGlobalSection
	GlobalSection(SolutionProperties) = preSolution
		HideSolutionNode = FALSE
	EndGlobalSection
EndGlobal
