
Microsoft Visual Studio Solution File, Format Version 11.00
# Visual Studio 2010
Project("{F184B08F-C81C-45F6-A57F-5ABD9991F28F}") = "SalesCommission", "SalesCommission\SalesCommission.vbproj", "{3EFF4727-6AB9-458B-9D7B-76A9CFCE810E}"
EndProject
Global
	GlobalSection(SolutionConfigurationPlatforms) = preSolution
		Debug|x86 = Debug|x86
		Release|x86 = Release|x86
	EndGlobalSection
	GlobalSection(ProjectConfigurationPlatforms) = postSolution
		{3EFF4727-6AB9-458B-9D7B-76A9CFCE810E}.Debug|x86.ActiveCfg = Debug|x86
		{3EFF4727-6AB9-458B-9D7B-76A9CFCE810E}.Debug|x86.Build.0 = Debug|x86
		{3EFF4727-6AB9-458B-9D7B-76A9CFCE810E}.Release|x86.ActiveCfg = Release|x86
		{3EFF4727-6AB9-458B-9D7B-76A9CFCE810E}.Release|x86.Build.0 = Release|x86
	EndGlobalSection
	GlobalSection(SolutionProperties) = preSolution
		HideSolutionNode = FALSE
	EndGlobalSection
EndGlobal
