
Microsoft Visual Studio Solution File, Format Version 11.00
# Visual Basic Express 2010
Project("{F184B08F-C81C-45F6-A57F-5ABD9991F28F}") = "Min and Max", "Min and Max\Min and Max.vbproj", "{BEECEBCE-0055-486C-A6D0-2B6D6D785BCB}"
EndProject
Global
	GlobalSection(SolutionConfigurationPlatforms) = preSolution
		Debug|x86 = Debug|x86
		Release|x86 = Release|x86
	EndGlobalSection
	GlobalSection(ProjectConfigurationPlatforms) = postSolution
		{BEECEBCE-0055-486C-A6D0-2B6D6D785BCB}.Debug|x86.ActiveCfg = Debug|x86
		{BEECEBCE-0055-486C-A6D0-2B6D6D785BCB}.Debug|x86.Build.0 = Debug|x86
		{BEECEBCE-0055-486C-A6D0-2B6D6D785BCB}.Release|x86.ActiveCfg = Release|x86
		{BEECEBCE-0055-486C-A6D0-2B6D6D785BCB}.Release|x86.Build.0 = Release|x86
	EndGlobalSection
	GlobalSection(SolutionProperties) = preSolution
		HideSolutionNode = FALSE
	EndGlobalSection
EndGlobal
